
Microsoft Visual Studio Solution File, Format Version 12.00
# Visual Studio Version 17
VisualStudioVersion = 17.5.002.0
MinimumVisualStudioVersion = 10.0.40219.1
Project("{9A19103F-16F7-4668-BE54-9A1E7A4F7556}") = "Model Transferring", "Model Transferring.csproj", "{1BDAB921-7525-4588-A72E-C5CF5D007F92}"
EndProject
Global
	GlobalSection(SolutionConfigurationPlatforms) = preSolution
		Debug|Any CPU = Debug|Any CPU
		Release|Any CPU = Release|Any CPU
	EndGlobalSection
	GlobalSection(ProjectConfigurationPlatforms) = postSolution
		{1BDAB921-7525-4588-A72E-C5CF5D007F92}.Debug|Any CPU.ActiveCfg = Debug|Any CPU
		{1BDAB921-7525-4588-A72E-C5CF5D007F92}.Debug|Any CPU.Build.0 = Debug|Any CPU
		{1BDAB921-7525-4588-A72E-C5CF5D007F92}.Release|Any CPU.ActiveCfg = Release|Any CPU
		{1BDAB921-7525-4588-A72E-C5CF5D007F92}.Release|Any CPU.Build.0 = Release|Any CPU
	EndGlobalSection
	GlobalSection(SolutionProperties) = preSolution
		HideSolutionNode = FALSE
	EndGlobalSection
	GlobalSection(ExtensibilityGlobals) = postSolution
		SolutionGuid = {FF87351F-54A4-42FC-A142-657BF36BD0A6}
	EndGlobalSection
EndGlobal
